
Microsoft Visual Studio Solution File, Format Version 12.00
# Visual Studio Version 16
VisualStudioVersion = 16.0.31019.35
MinimumVisualStudioVersion = 10.0.40219.1
Project("{FAE04EC0-301F-11D3-BF4B-00C04F79EFBC}") = "xUnitConsole", "xUnitConsole\xUnitConsole.csproj", "{BB32D19B-A7B2-4D2C-9CB6-3F29301485E1}"
EndProject
Project("{FAE04EC0-301F-11D3-BF4B-00C04F79EFBC}") = "XUnitTestConsole", "XUnitTestConsole\XUnitTestConsole.csproj", "{A39D026B-4133-4E1B-9793-425D281B2EBE}"
EndProject
Global
	GlobalSection(SolutionConfigurationPlatforms) = preSolution
		Debug|Any CPU = Debug|Any CPU
		Release|Any CPU = Release|Any CPU
	EndGlobalSection
	GlobalSection(ProjectConfigurationPlatforms) = postSolution
		{BB32D19B-A7B2-4D2C-9CB6-3F29301485E1}.Debug|Any CPU.ActiveCfg = Debug|Any CPU
		{BB32D19B-A7B2-4D2C-9CB6-3F29301485E1}.Debug|Any CPU.Build.0 = Debug|Any CPU
		{BB32D19B-A7B2-4D2C-9CB6-3F29301485E1}.Release|Any CPU.ActiveCfg = Release|Any CPU
		{BB32D19B-A7B2-4D2C-9CB6-3F29301485E1}.Release|Any CPU.Build.0 = Release|Any CPU
		{A39D026B-4133-4E1B-9793-425D281B2EBE}.Debug|Any CPU.ActiveCfg = Debug|Any CPU
		{A39D026B-4133-4E1B-9793-425D281B2EBE}.Debug|Any CPU.Build.0 = Debug|Any CPU
		{A39D026B-4133-4E1B-9793-425D281B2EBE}.Release|Any CPU.ActiveCfg = Release|Any CPU
		{A39D026B-4133-4E1B-9793-425D281B2EBE}.Release|Any CPU.Build.0 = Release|Any CPU
	EndGlobalSection
	GlobalSection(SolutionProperties) = preSolution
		HideSolutionNode = FALSE
	EndGlobalSection
	GlobalSection(ExtensibilityGlobals) = postSolution
		SolutionGuid = {2471DB54-046F-4161-B743-F51EE5846B81}
	EndGlobalSection
EndGlobal
